// !$*UTF8*$!
{
	archiveVersion = 1;
	classes = {
	};
	objectVersion = 46;
	objects = {

/* Begin PBXBuildFile section */
		80A64625133B4863005586F5 /* UIKit.framework in Frameworks */ = {isa = PBXBuildFile; fileRef = 80A64624133B4863005586F5 /* UIKit.framework */; };
		80A64627133B4863005586F5 /* Foundation.framework in Frameworks */ = {isa = PBXBuildFile; fileRef = 80A64626133B4863005586F5 /* Foundation.framework */; };
		80A64629133B4863005586F5 /* CoreGraphics.framework in Frameworks */ = {isa = PBXBuildFile; fileRef = 80A64628133B4863005586F5 /* CoreGraphics.framework */; };
		80A6462F133B4863005586F5 /* InfoPlist.strings in Resources */ = {isa = PBXBuildFile; fileRef = 80A6462D133B4863005586F5 /* InfoPlist.strings */; };
		80A64632133B4863005586F5 /* main.m in Sources */ = {isa = PBXBuildFile; fileRef = 80A64631133B4863005586F5 /* main.m */; };
		80A64635133B4863005586F5 /* AsyncTableAppDelegate.m in Sources */ = {isa = PBXBuildFile; fileRef = 80A64634133B4863005586F5 /* AsyncTableAppDelegate.m */; };
		80A64638133B4863005586F5 /* MainWindow.xib in Resources */ = {isa = PBXBuildFile; fileRef = 80A64636133B4863005586F5 /* MainWindow.xib */; };
		80A6463B133B4863005586F5 /* RootViewController.m in Sources */ = {isa = PBXBuildFile; fileRef = 80A6463A133B4863005586F5 /* RootViewController.m */; };
		80A6463E133B4863005586F5 /* RootViewController.xib in Resources */ = {isa = PBXBuildFile; fileRef = 80A6463C133B4863005586F5 /* RootViewController.xib */; };
		80A6464C133B4A04005586F5 /* Downloader.m in Sources */ = {isa = PBXBuildFile; fileRef = 80A6464B133B4A04005586F5 /* Downloader.m */; };
/* End PBXBuildFile section */

/* Begin PBXFileReference section */
		80A64620133B4863005586F5 /* AsyncTable.app */ = {isa = PBXFileReference; explicitFileType = wrapper.application; includeInIndex = 0; path = AsyncTable.app; sourceTree = BUILT_PRODUCTS_DIR; };
		80A64624133B4863005586F5 /* UIKit.framework */ = {isa = PBXFileReference; lastKnownFileType = wrapper.framework; name = UIKit.framework; path = System/Library/Frameworks/UIKit.framework; sourceTree = SDKROOT; };
		80A64626133B4863005586F5 /* Foundation.framework */ = {isa = PBXFileReference; lastKnownFileType = wrapper.framework; name = Foundation.framework; path = System/Library/Frameworks/Foundation.framework; sourceTree = SDKROOT; };
		80A64628133B4863005586F5 /* CoreGraphics.framework */ = {isa = PBXFileReference; lastKnownFileType = wrapper.framework; name = CoreGraphics.framework; path = System/Library/Frameworks/CoreGraphics.framework; sourceTree = SDKROOT; };
		80A6462C133B4863005586F5 /* AsyncTable-Info.plist */ = {isa = PBXFileReference; lastKnownFileType = text.plist.xml; path = "AsyncTable-Info.plist"; sourceTree = "<group>"; };
		80A6462E133B4863005586F5 /* en */ = {isa = PBXFileReference; lastKnownFileType = text.plist.strings; name = en; path = en.lproj/InfoPlist.strings; sourceTree = "<group>"; };
		80A64630133B4863005586F5 /* AsyncTable-Prefix.pch */ = {isa = PBXFileReference; lastKnownFileType = sourcecode.c.h; path = "AsyncTable-Prefix.pch"; sourceTree = "<group>"; };
		80A64631133B4863005586F5 /* main.m */ = {isa = PBXFileReference; lastKnownFileType = sourcecode.c.objc; path = main.m; sourceTree = "<group>"; };
		80A64633133B4863005586F5 /* AsyncTableAppDelegate.h */ = {isa = PBXFileReference; lastKnownFileType = sourcecode.c.h; path = AsyncTableAppDelegate.h; sourceTree = "<group>"; };
		80A64634133B4863005586F5 /* AsyncTableAppDelegate.m */ = {isa = PBXFileReference; lastKnownFileType = sourcecode.c.objc; path = AsyncTableAppDelegate.m; sourceTree = "<group>"; };
		80A64637133B4863005586F5 /* en */ = {isa = PBXFileReference; lastKnownFileType = file.xib; name = en; path = en.lproj/MainWindow.xib; sourceTree = "<group>"; };
		80A64639133B4863005586F5 /* RootViewController.h */ = {isa = PBXFileReference; lastKnownFileType = sourcecode.c.h; path = RootViewController.h; sourceTree = "<group>"; };
		80A6463A133B4863005586F5 /* RootViewController.m */ = {isa = PBXFileReference; lastKnownFileType = sourcecode.c.objc; path = RootViewController.m; sourceTree = "<group>"; };
		80A6463D133B4863005586F5 /* en */ = {isa = PBXFileReference; lastKnownFileType = file.xib; name = en; path = en.lproj/RootViewController.xib; sourceTree = "<group>"; };
		80A6464A133B4A04005586F5 /* Downloader.h */ = {isa = PBXFileReference; fileEncoding = 4; lastKnownFileType = sourcecode.c.h; path = Downloader.h; sourceTree = "<group>"; };
		80A6464B133B4A04005586F5 /* Downloader.m */ = {isa = PBXFileReference; fileEncoding = 4; lastKnownFileType = sourcecode.c.objc; path = Downloader.m; sourceTree = "<group>"; };
/* End PBXFileReference section */

/* Begin PBXFrameworksBuildPhase section */
		80A6461D133B4863005586F5 /* Frameworks */ = {
			isa = PBXFrameworksBuildPhase;
			buildActionMask = 2147483647;
			files = (
				80A64625133B4863005586F5 /* UIKit.framework in Frameworks */,
				80A64627133B4863005586F5 /* Foundation.framework in Frameworks */,
				80A64629133B4863005586F5 /* CoreGraphics.framework in Frameworks */,
			);
			runOnlyForDeploymentPostprocessing = 0;
		};
/* End PBXFrameworksBuildPhase section */

/* Begin PBXGroup section */
		80A64615133B4862005586F5 = {
			isa = PBXGroup;
			children = (
				80A6462A133B4863005586F5 /* AsyncTable */,
				80A64623133B4863005586F5 /* Frameworks */,
				80A64621133B4863005586F5 /* Products */,
			);
			sourceTree = "<group>";
		};
		80A64621133B4863005586F5 /* Products */ = {
			isa = PBXGroup;
			children = (
				80A64620133B4863005586F5 /* AsyncTable.app */,
			);
			name = Products;
			sourceTree = "<group>";
		};
		80A64623133B4863005586F5 /* Frameworks */ = {
			isa = PBXGroup;
			children = (
				80A64624133B4863005586F5 /* UIKit.framework */,
				80A64626133B4863005586F5 /* Foundation.framework */,
				80A64628133B4863005586F5 /* CoreGraphics.framework */,
			);
			name = Frameworks;
			sourceTree = "<group>";
		};
		80A6462A133B4863005586F5 /* AsyncTable */ = {
			isa = PBXGroup;
			children = (
				80A64633133B4863005586F5 /* AsyncTableAppDelegate.h */,
				80A64634133B4863005586F5 /* AsyncTableAppDelegate.m */,
				80A64636133B4863005586F5 /* MainWindow.xib */,
				80A64639133B4863005586F5 /* RootViewController.h */,
				80A6463A133B4863005586F5 /* RootViewController.m */,
				80A6463C133B4863005586F5 /* RootViewController.xib */,
				80A6462B133B4863005586F5 /* Supporting Files */,
				80A6464A133B4A04005586F5 /* Downloader.h */,
				80A6464B133B4A04005586F5 /* Downloader.m */,
			);
			path = AsyncTable;
			sourceTree = "<group>";
		};
		80A6462B133B4863005586F5 /* Supporting Files */ = {
			isa = PBXGroup;
			children = (
				80A6462C133B4863005586F5 /* AsyncTable-Info.plist */,
				80A6462D133B4863005586F5 /* InfoPlist.strings */,
				80A64630133B4863005586F5 /* AsyncTable-Prefix.pch */,
				80A64631133B4863005586F5 /* main.m */,
			);
			name = "Supporting Files";
			sourceTree = "<group>";
		};
/* End PBXGroup section */

/* Begin PBXNativeTarget section */
		80A6461F133B4863005586F5 /* AsyncTable */ = {
			isa = PBXNativeTarget;
			buildConfigurationList = 80A64641133B4863005586F5 /* Build configuration list for PBXNativeTarget "AsyncTable" */;
			buildPhases = (
				80A6461C133B4863005586F5 /* Sources */,
				80A6461D133B4863005586F5 /* Frameworks */,
				80A6461E133B4863005586F5 /* Resources */,
			);
			buildRules = (
			);
			dependencies = (
			);
			name = AsyncTable;
			productName = AsyncTable;
			productReference = 80A64620133B4863005586F5 /* AsyncTable.app */;
			productType = "com.apple.product-type.application";
		};
/* End PBXNativeTarget section */

/* Begin PBXProject section */
		80A64617133B4862005586F5 /* Project object */ = {
			isa = PBXProject;
			buildConfigurationList = 80A6461A133B4862005586F5 /* Build configuration list for PBXProject "AsyncTable" */;
			compatibilityVersion = "Xcode 3.2";
			developmentRegion = English;
			hasScannedForEncodings = 0;
			knownRegions = (
				en,
			);
			mainGroup = 80A64615133B4862005586F5;
			productRefGroup = 80A64621133B4863005586F5 /* Products */;
			projectDirPath = "";
			projectRoot = "";
			targets = (
				80A6461F133B4863005586F5 /* AsyncTable */,
			);
		};
/* End PBXProject section */

/* Begin PBXResourcesBuildPhase section */
		80A6461E133B4863005586F5 /* Resources */ = {
			isa = PBXResourcesBuildPhase;
			buildActionMask = 2147483647;
			files = (
				80A6462F133B4863005586F5 /* InfoPlist.strings in Resources */,
				80A64638133B4863005586F5 /* MainWindow.xib in Resources */,
				80A6463E133B4863005586F5 /* RootViewController.xib in Resources */,
			);
			runOnlyForDeploymentPostprocessing = 0;
		};
/* End PBXResourcesBuildPhase section */

/* Begin PBXSourcesBuildPhase section */
		80A6461C133B4863005586F5 /* Sources */ = {
			isa = PBXSourcesBuildPhase;
			buildActionMask = 2147483647;
			files = (
				80A64632133B4863005586F5 /* main.m in Sources */,
				80A64635133B4863005586F5 /* AsyncTableAppDelegate.m in Sources */,
				80A6463B133B4863005586F5 /* RootViewController.m in Sources */,
				80A6464C133B4A04005586F5 /* Downloader.m in Sources */,
			);
			runOnlyForDeploymentPostprocessing = 0;
		};
/* End PBXSourcesBuildPhase section */

/* Begin PBXVariantGroup section */
		80A6462D133B4863005586F5 /* InfoPlist.strings */ = {
			isa = PBXVariantGroup;
			children = (
				80A6462E133B4863005586F5 /* en */,
			);
			name = InfoPlist.strings;
			sourceTree = "<group>";
		};
		80A64636133B4863005586F5 /* MainWindow.xib */ = {
			isa = PBXVariantGroup;
			children = (
				80A64637133B4863005586F5 /* en */,
			);
			name = MainWindow.xib;
			sourceTree = "<group>";
		};
		80A6463C133B4863005586F5 /* RootViewController.xib */ = {
			isa = PBXVariantGroup;
			children = (
				80A6463D133B4863005586F5 /* en */,
			);
			name = RootViewController.xib;
			sourceTree = "<group>";
		};
/* End PBXVariantGroup section */

/* Begin XCBuildConfiguration section */
		80A6463F133B4863005586F5 /* Debug */ = {
			isa = XCBuildConfiguration;
			buildSettings = {
				ARCHS = "$(ARCHS_STANDARD_32_BIT)";
				"CODE_SIGN_IDENTITY[sdk=iphoneos*]" = "iPhone Developer";
				GCC_C_LANGUAGE_STANDARD = gnu99;
				GCC_OPTIMIZATION_LEVEL = 0;
				GCC_PREPROCESSOR_DEFINITIONS = DEBUG;
				GCC_SYMBOLS_PRIVATE_EXTERN = NO;
				GCC_VERSION = com.apple.compilers.llvmgcc42;
				GCC_WARN_ABOUT_RETURN_TYPE = YES;
				GCC_WARN_UNUSED_VARIABLE = YES;
				IPHONEOS_DEPLOYMENT_TARGET = 4.3;
				SDKROOT = iphoneos;
			};
			name = Debug;
		};
		80A64640133B4863005586F5 /* Release */ = {
			isa = XCBuildConfiguration;
			buildSettings = {
				ARCHS = "$(ARCHS_STANDARD_32_BIT)";
				"CODE_SIGN_IDENTITY[sdk=iphoneos*]" = "iPhone Developer";
				GCC_C_LANGUAGE_STANDARD = gnu99;
				GCC_VERSION = com.apple.compilers.llvmgcc42;
				GCC_WARN_ABOUT_RETURN_TYPE = YES;
				GCC_WARN_UNUSED_VARIABLE = YES;
				IPHONEOS_DEPLOYMENT_TARGET = 4.3;
				OTHER_CFLAGS = "-DNS_BLOCK_ASSERTIONS=1";
				SDKROOT = iphoneos;
			};
			name = Release;
		};
		80A64642133B4863005586F5 /* Debug */ = {
			isa = XCBuildConfiguration;
			buildSettings = {
				ALWAYS_SEARCH_USER_PATHS = NO;
				COPY_PHASE_STRIP = NO;
				GCC_DYNAMIC_NO_PIC = NO;
				GCC_PRECOMPILE_PREFIX_HEADER = YES;
				GCC_PREFIX_HEADER = "AsyncTable/AsyncTable-Prefix.pch";
				INFOPLIST_FILE = "AsyncTable/AsyncTable-Info.plist";
				PRODUCT_NAME = "$(TARGET_NAME)";
				WRAPPER_EXTENSION = app;
			};
			name = Debug;
		};
		80A64643133B4863005586F5 /* Release */ = {
			isa = XCBuildConfiguration;
			buildSettings = {
				ALWAYS_SEARCH_USER_PATHS = NO;
				COPY_PHASE_STRIP = YES;
				GCC_PRECOMPILE_PREFIX_HEADER = YES;
				GCC_PREFIX_HEADER = "AsyncTable/AsyncTable-Prefix.pch";
				INFOPLIST_FILE = "AsyncTable/AsyncTable-Info.plist";
				PRODUCT_NAME = "$(TARGET_NAME)";
				VALIDATE_PRODUCT = YES;
				WRAPPER_EXTENSION = app;
			};
			name = Release;
		};
/* End XCBuildConfiguration section */

/* Begin XCConfigurationList section */
		80A6461A133B4862005586F5 /* Build configuration list for PBXProject "AsyncTable" */ = {
			isa = XCConfigurationList;
			buildConfigurations = (
				80A6463F133B4863005586F5 /* Debug */,
				80A64640133B4863005586F5 /* Release */,
			);
			defaultConfigurationIsVisible = 0;
			defaultConfigurationName = Release;
		};
		80A64641133B4863005586F5 /* Build configuration list for PBXNativeTarget "AsyncTable" */ = {
			isa = XCConfigurationList;
			buildConfigurations = (
				80A64642133B4863005586F5 /* Debug */,
				80A64643133B4863005586F5 /* Release */,
			);
			defaultConfigurationIsVisible = 0;
		};
/* End XCConfigurationList section */
	};
	rootObject = 80A64617133B4862005586F5 /* Project object */;
}
